
Microsoft Visual Studio Solution File, Format Version 12.00
# Visual Studio Version 16
VisualStudioVersion = 16.0.30611.23
MinimumVisualStudioVersion = 10.0.40219.1
Project("{FAE04EC0-301F-11D3-BF4B-00C04F79EFBC}") = "MaxAccount", "MaxAccount.csproj", "{993CEDCB-3FC4-4282-8370-81A1EC5A2CBC}"
EndProject
Global
	GlobalSection(SolutionConfigurationPlatforms) = preSolution
		Debug|Any CPU = Debug|Any CPU
		Release|Any CPU = Release|Any CPU
	EndGlobalSection
	GlobalSection(ProjectConfigurationPlatforms) = postSolution
		{993CEDCB-3FC4-4282-8370-81A1EC5A2CBC}.Debug|Any CPU.ActiveCfg = Debug|Any CPU
		{993CEDCB-3FC4-4282-8370-81A1EC5A2CBC}.Debug|Any CPU.Build.0 = Debug|Any CPU
		{993CEDCB-3FC4-4282-8370-81A1EC5A2CBC}.Release|Any CPU.ActiveCfg = Release|Any CPU
		{993CEDCB-3FC4-4282-8370-81A1EC5A2CBC}.Release|Any CPU.Build.0 = Release|Any CPU
	EndGlobalSection
	GlobalSection(SolutionProperties) = preSolution
		HideSolutionNode = FALSE
	EndGlobalSection
	GlobalSection(ExtensibilityGlobals) = postSolution
		SolutionGuid = {38B3A628-862F-4EC2-A21F-AD83FE0010A9}
	EndGlobalSection
EndGlobal
